
Microsoft Visual Studio Solution File, Format Version 12.00
# Visual Studio Version 17
VisualStudioVersion = 17.13.35919.96
MinimumVisualStudioVersion = 10.0.40219.1
Project("{FAE04EC0-301F-11D3-BF4B-00C04F79EFBC}") = "proyecto csharp", "proyecto csharp.csproj", "{DC07A794-D288-419D-9DA3-B54680141EC8}"
EndProject
Global
	GlobalSection(SolutionConfigurationPlatforms) = preSolution
		Debug|Any CPU = Debug|Any CPU
		Release|Any CPU = Release|Any CPU
	EndGlobalSection
	GlobalSection(ProjectConfigurationPlatforms) = postSolution
		{DC07A794-D288-419D-9DA3-B54680141EC8}.Debug|Any CPU.ActiveCfg = Debug|Any CPU
		{DC07A794-D288-419D-9DA3-B54680141EC8}.Debug|Any CPU.Build.0 = Debug|Any CPU
		{DC07A794-D288-419D-9DA3-B54680141EC8}.Release|Any CPU.ActiveCfg = Release|Any CPU
		{DC07A794-D288-419D-9DA3-B54680141EC8}.Release|Any CPU.Build.0 = Release|Any CPU
	EndGlobalSection
	GlobalSection(SolutionProperties) = preSolution
		HideSolutionNode = FALSE
	EndGlobalSection
	GlobalSection(ExtensibilityGlobals) = postSolution
		SolutionGuid = {5E7154D7-81F1-4DFE-AA2D-15AEE143D901}
	EndGlobalSection
EndGlobal
